
Microsoft Visual Studio Solution File, Format Version 12.00
# Visual Studio Version 17
VisualStudioVersion = 17.1.32210.238
MinimumVisualStudioVersion = 10.0.40219.1
Project("{FAE04EC0-301F-11D3-BF4B-00C04F79EFBC}") = "TravelTripProject", "TravelTripProject\TravelTripProject.csproj", "{A0322B46-8113-473A-99A6-2C1F4D2F9BBC}"
EndProject
Global
	GlobalSection(SolutionConfigurationPlatforms) = preSolution
		Debug|Any CPU = Debug|Any CPU
		Release|Any CPU = Release|Any CPU
	EndGlobalSection
	GlobalSection(ProjectConfigurationPlatforms) = postSolution
		{A0322B46-8113-473A-99A6-2C1F4D2F9BBC}.Debug|Any CPU.ActiveCfg = Debug|Any CPU
		{A0322B46-8113-473A-99A6-2C1F4D2F9BBC}.Debug|Any CPU.Build.0 = Debug|Any CPU
		{A0322B46-8113-473A-99A6-2C1F4D2F9BBC}.Release|Any CPU.ActiveCfg = Release|Any CPU
		{A0322B46-8113-473A-99A6-2C1F4D2F9BBC}.Release|Any CPU.Build.0 = Release|Any CPU
	EndGlobalSection
	GlobalSection(SolutionProperties) = preSolution
		HideSolutionNode = FALSE
	EndGlobalSection
	GlobalSection(ExtensibilityGlobals) = postSolution
		SolutionGuid = {19A416FC-3201-4AFA-AC0D-9C7B8B46AFA3}
	EndGlobalSection
EndGlobal
